
Microsoft Visual Studio Solution File, Format Version 12.00
# Visual Studio Version 17
VisualStudioVersion = 17.14.36717.8
MinimumVisualStudioVersion = 10.0.40219.1
Project("{FAE04EC0-301F-11D3-BF4B-00C04F79EFBC}") = "PetShop", "PetShop\PetShop.csproj", "{CCF84BFD-5730-4341-B043-EC31F5C19370}"
	ProjectSection(ProjectDependencies) = postProject
		{6CE02CFE-506B-41AD-9D19-ABDA72BDA9F3} = {6CE02CFE-506B-41AD-9D19-ABDA72BDA9F3}
	EndProjectSection
EndProject
Project("{FAE04EC0-301F-11D3-BF4B-00C04F79EFBC}") = "PetShop.Data", "PetShop.Data\PetShop.Data.csproj", "{6CE02CFE-506B-41AD-9D19-ABDA72BDA9F3}"
EndProject
Global
	GlobalSection(SolutionConfigurationPlatforms) = preSolution
		Debug|Any CPU = Debug|Any CPU
		Release|Any CPU = Release|Any CPU
	EndGlobalSection
	GlobalSection(ProjectConfigurationPlatforms) = postSolution
		{CCF84BFD-5730-4341-B043-EC31F5C19370}.Debug|Any CPU.ActiveCfg = Debug|Any CPU
		{CCF84BFD-5730-4341-B043-EC31F5C19370}.Debug|Any CPU.Build.0 = Debug|Any CPU
		{CCF84BFD-5730-4341-B043-EC31F5C19370}.Release|Any CPU.ActiveCfg = Release|Any CPU
		{CCF84BFD-5730-4341-B043-EC31F5C19370}.Release|Any CPU.Build.0 = Release|Any CPU
		{6CE02CFE-506B-41AD-9D19-ABDA72BDA9F3}.Debug|Any CPU.ActiveCfg = Debug|Any CPU
		{6CE02CFE-506B-41AD-9D19-ABDA72BDA9F3}.Debug|Any CPU.Build.0 = Debug|Any CPU
		{6CE02CFE-506B-41AD-9D19-ABDA72BDA9F3}.Release|Any CPU.ActiveCfg = Release|Any CPU
		{6CE02CFE-506B-41AD-9D19-ABDA72BDA9F3}.Release|Any CPU.Build.0 = Release|Any CPU
	EndGlobalSection
	GlobalSection(SolutionProperties) = preSolution
		HideSolutionNode = FALSE
	EndGlobalSection
	GlobalSection(ExtensibilityGlobals) = postSolution
		SolutionGuid = {180C2D47-D94D-4B46-8A15-E19D9089DDA4}
	EndGlobalSection
EndGlobal
